
Microsoft Visual Studio Solution File, Format Version 12.00
# Visual Studio Version 17
VisualStudioVersion = 17.7.34018.315
MinimumVisualStudioVersion = 10.0.40219.1
Project("{FAE04EC0-301F-11D3-BF4B-00C04F79EFBC}") = "Lista1LoopEx02", "Lista1LoopEx02.csproj", "{66F27741-A282-4B45-95C6-9236C904090C}"
EndProject
Global
	GlobalSection(SolutionConfigurationPlatforms) = preSolution
		Debug|Any CPU = Debug|Any CPU
		Release|Any CPU = Release|Any CPU
	EndGlobalSection
	GlobalSection(ProjectConfigurationPlatforms) = postSolution
		{66F27741-A282-4B45-95C6-9236C904090C}.Debug|Any CPU.ActiveCfg = Debug|Any CPU
		{66F27741-A282-4B45-95C6-9236C904090C}.Debug|Any CPU.Build.0 = Debug|Any CPU
		{66F27741-A282-4B45-95C6-9236C904090C}.Release|Any CPU.ActiveCfg = Release|Any CPU
		{66F27741-A282-4B45-95C6-9236C904090C}.Release|Any CPU.Build.0 = Release|Any CPU
	EndGlobalSection
	GlobalSection(SolutionProperties) = preSolution
		HideSolutionNode = FALSE
	EndGlobalSection
	GlobalSection(ExtensibilityGlobals) = postSolution
		SolutionGuid = {99C27EF7-E4FC-4710-9F88-5425EC1F27F8}
	EndGlobalSection
EndGlobal
