
Microsoft Visual Studio Solution File, Format Version 12.00
# Visual Studio Version 17
VisualStudioVersion = 17.7.34018.315
MinimumVisualStudioVersion = 10.0.40219.1
Project("{FAE04EC0-301F-11D3-BF4B-00C04F79EFBC}") = "HelloWorld", "HelloWorld.csproj", "{A6F7B6E2-AA0F-4DEF-83CC-0F54F6891FCB}"
EndProject
Global
	GlobalSection(SolutionConfigurationPlatforms) = preSolution
		Debug|Any CPU = Debug|Any CPU
		Release|Any CPU = Release|Any CPU
	EndGlobalSection
	GlobalSection(ProjectConfigurationPlatforms) = postSolution
		{A6F7B6E2-AA0F-4DEF-83CC-0F54F6891FCB}.Debug|Any CPU.ActiveCfg = Debug|Any CPU
		{A6F7B6E2-AA0F-4DEF-83CC-0F54F6891FCB}.Debug|Any CPU.Build.0 = Debug|Any CPU
		{A6F7B6E2-AA0F-4DEF-83CC-0F54F6891FCB}.Release|Any CPU.ActiveCfg = Release|Any CPU
		{A6F7B6E2-AA0F-4DEF-83CC-0F54F6891FCB}.Release|Any CPU.Build.0 = Release|Any CPU
	EndGlobalSection
	GlobalSection(SolutionProperties) = preSolution
		HideSolutionNode = FALSE
	EndGlobalSection
	GlobalSection(ExtensibilityGlobals) = postSolution
		SolutionGuid = {4FE50CDF-DCE8-4A08-AB4F-1ADDC99358C9}
	EndGlobalSection
EndGlobal
