
Microsoft Visual Studio Solution File, Format Version 12.00
# Visual Studio Version 17
VisualStudioVersion = 17.7.34018.315
MinimumVisualStudioVersion = 10.0.40219.1
Project("{FAE04EC0-301F-11D3-BF4B-00C04F79EFBC}") = "Lista1Ex04", "Lista1Ex04.csproj", "{7F01D5D5-DCD9-4B41-A6B2-E854BBFB2B1A}"
EndProject
Global
	GlobalSection(SolutionConfigurationPlatforms) = preSolution
		Debug|Any CPU = Debug|Any CPU
		Release|Any CPU = Release|Any CPU
	EndGlobalSection
	GlobalSection(ProjectConfigurationPlatforms) = postSolution
		{7F01D5D5-DCD9-4B41-A6B2-E854BBFB2B1A}.Debug|Any CPU.ActiveCfg = Debug|Any CPU
		{7F01D5D5-DCD9-4B41-A6B2-E854BBFB2B1A}.Debug|Any CPU.Build.0 = Debug|Any CPU
		{7F01D5D5-DCD9-4B41-A6B2-E854BBFB2B1A}.Release|Any CPU.ActiveCfg = Release|Any CPU
		{7F01D5D5-DCD9-4B41-A6B2-E854BBFB2B1A}.Release|Any CPU.Build.0 = Release|Any CPU
	EndGlobalSection
	GlobalSection(SolutionProperties) = preSolution
		HideSolutionNode = FALSE
	EndGlobalSection
	GlobalSection(ExtensibilityGlobals) = postSolution
		SolutionGuid = {69C81293-99CC-4346-8DA6-B28254E2DC2A}
	EndGlobalSection
EndGlobal
