
Microsoft Visual Studio Solution File, Format Version 12.00
# Visual Studio Version 17
VisualStudioVersion = 17.7.34018.315
MinimumVisualStudioVersion = 10.0.40219.1
Project("{FAE04EC0-301F-11D3-BF4B-00C04F79EFBC}") = "Atividade02Pilha", "Atividade02Pilha.csproj", "{AF93963E-5EA6-40EA-B013-6C801E869DA2}"
EndProject
Global
	GlobalSection(SolutionConfigurationPlatforms) = preSolution
		Debug|Any CPU = Debug|Any CPU
		Release|Any CPU = Release|Any CPU
	EndGlobalSection
	GlobalSection(ProjectConfigurationPlatforms) = postSolution
		{AF93963E-5EA6-40EA-B013-6C801E869DA2}.Debug|Any CPU.ActiveCfg = Debug|Any CPU
		{AF93963E-5EA6-40EA-B013-6C801E869DA2}.Debug|Any CPU.Build.0 = Debug|Any CPU
		{AF93963E-5EA6-40EA-B013-6C801E869DA2}.Release|Any CPU.ActiveCfg = Release|Any CPU
		{AF93963E-5EA6-40EA-B013-6C801E869DA2}.Release|Any CPU.Build.0 = Release|Any CPU
	EndGlobalSection
	GlobalSection(SolutionProperties) = preSolution
		HideSolutionNode = FALSE
	EndGlobalSection
	GlobalSection(ExtensibilityGlobals) = postSolution
		SolutionGuid = {B234F7F4-68A2-4920-B319-A5D1FCF20F84}
	EndGlobalSection
EndGlobal
