
Microsoft Visual Studio Solution File, Format Version 12.00
# Visual Studio Version 17
VisualStudioVersion = 17.7.34018.315
MinimumVisualStudioVersion = 10.0.40219.1
Project("{FAE04EC0-301F-11D3-BF4B-00C04F79EFBC}") = "Lista2WhileEx03", "Lista2WhileEx03.csproj", "{7097C08F-0A18-4862-AC88-0A6507E7FCD3}"
EndProject
Global
	GlobalSection(SolutionConfigurationPlatforms) = preSolution
		Debug|Any CPU = Debug|Any CPU
		Release|Any CPU = Release|Any CPU
	EndGlobalSection
	GlobalSection(ProjectConfigurationPlatforms) = postSolution
		{7097C08F-0A18-4862-AC88-0A6507E7FCD3}.Debug|Any CPU.ActiveCfg = Debug|Any CPU
		{7097C08F-0A18-4862-AC88-0A6507E7FCD3}.Debug|Any CPU.Build.0 = Debug|Any CPU
		{7097C08F-0A18-4862-AC88-0A6507E7FCD3}.Release|Any CPU.ActiveCfg = Release|Any CPU
		{7097C08F-0A18-4862-AC88-0A6507E7FCD3}.Release|Any CPU.Build.0 = Release|Any CPU
	EndGlobalSection
	GlobalSection(SolutionProperties) = preSolution
		HideSolutionNode = FALSE
	EndGlobalSection
	GlobalSection(ExtensibilityGlobals) = postSolution
		SolutionGuid = {817E3267-6253-4356-93D8-AE45C8C310EC}
	EndGlobalSection
EndGlobal
