
Microsoft Visual Studio Solution File, Format Version 12.00
# Visual Studio Version 17
VisualStudioVersion = 17.7.34018.315
MinimumVisualStudioVersion = 10.0.40219.1
Project("{FAE04EC0-301F-11D3-BF4B-00C04F79EFBC}") = "Vetores", "Vetores.csproj", "{50046664-6F51-4D8F-97F3-473F36160727}"
EndProject
Project("{FAE04EC0-301F-11D3-BF4B-00C04F79EFBC}") = "Matrizes", "..\Matrizes\Matrizes.csproj", "{2B36C26D-6718-469B-912D-6D5AF3BA9E2F}"
EndProject
Global
	GlobalSection(SolutionConfigurationPlatforms) = preSolution
		Debug|Any CPU = Debug|Any CPU
		Release|Any CPU = Release|Any CPU
	EndGlobalSection
	GlobalSection(ProjectConfigurationPlatforms) = postSolution
		{50046664-6F51-4D8F-97F3-473F36160727}.Debug|Any CPU.ActiveCfg = Debug|Any CPU
		{50046664-6F51-4D8F-97F3-473F36160727}.Debug|Any CPU.Build.0 = Debug|Any CPU
		{50046664-6F51-4D8F-97F3-473F36160727}.Release|Any CPU.ActiveCfg = Release|Any CPU
		{50046664-6F51-4D8F-97F3-473F36160727}.Release|Any CPU.Build.0 = Release|Any CPU
		{2B36C26D-6718-469B-912D-6D5AF3BA9E2F}.Debug|Any CPU.ActiveCfg = Debug|Any CPU
		{2B36C26D-6718-469B-912D-6D5AF3BA9E2F}.Debug|Any CPU.Build.0 = Debug|Any CPU
		{2B36C26D-6718-469B-912D-6D5AF3BA9E2F}.Release|Any CPU.ActiveCfg = Release|Any CPU
		{2B36C26D-6718-469B-912D-6D5AF3BA9E2F}.Release|Any CPU.Build.0 = Release|Any CPU
	EndGlobalSection
	GlobalSection(SolutionProperties) = preSolution
		HideSolutionNode = FALSE
	EndGlobalSection
	GlobalSection(ExtensibilityGlobals) = postSolution
		SolutionGuid = {33D50159-7BED-42A2-BEEC-25C652AE8AF7}
	EndGlobalSection
EndGlobal
